
Microsoft Visual Studio Solution File, Format Version 12.00
# Visual Studio Version 16
VisualStudioVersion = 16.0.30717.126
MinimumVisualStudioVersion = 10.0.40219.1
Project("{FAE04EC0-301F-11D3-BF4B-00C04F79EFBC}") = "DatingApp", "DatingApp\DatingApp.csproj", "{7A85F090-2CC4-4D96-BFA8-E4D7FB77474E}"
EndProject
Project("{FAE04EC0-301F-11D3-BF4B-00C04F79EFBC}") = "DatingAppServer", "DatingAppServer\DatingAppServer.csproj", "{9B0EB57C-9C29-4628-B35B-E4AD46EB75A7}"
EndProject
Project("{FAE04EC0-301F-11D3-BF4B-00C04F79EFBC}") = "DatingAppLibrary", "DatingAppLibrary\DatingAppLibrary.csproj", "{6F7FEFF9-8225-4E90-8D08-63AFB2D8B27D}"
EndProject
Global
	GlobalSection(SolutionConfigurationPlatforms) = preSolution
		Debug|Any CPU = Debug|Any CPU
		Release|Any CPU = Release|Any CPU
	EndGlobalSection
	GlobalSection(ProjectConfigurationPlatforms) = postSolution
		{7A85F090-2CC4-4D96-BFA8-E4D7FB77474E}.Debug|Any CPU.ActiveCfg = Debug|Any CPU
		{7A85F090-2CC4-4D96-BFA8-E4D7FB77474E}.Debug|Any CPU.Build.0 = Debug|Any CPU
		{7A85F090-2CC4-4D96-BFA8-E4D7FB77474E}.Release|Any CPU.ActiveCfg = Release|Any CPU
		{7A85F090-2CC4-4D96-BFA8-E4D7FB77474E}.Release|Any CPU.Build.0 = Release|Any CPU
		{9B0EB57C-9C29-4628-B35B-E4AD46EB75A7}.Debug|Any CPU.ActiveCfg = Debug|Any CPU
		{9B0EB57C-9C29-4628-B35B-E4AD46EB75A7}.Debug|Any CPU.Build.0 = Debug|Any CPU
		{9B0EB57C-9C29-4628-B35B-E4AD46EB75A7}.Release|Any CPU.ActiveCfg = Release|Any CPU
		{9B0EB57C-9C29-4628-B35B-E4AD46EB75A7}.Release|Any CPU.Build.0 = Release|Any CPU
		{6F7FEFF9-8225-4E90-8D08-63AFB2D8B27D}.Debug|Any CPU.ActiveCfg = Debug|Any CPU
		{6F7FEFF9-8225-4E90-8D08-63AFB2D8B27D}.Debug|Any CPU.Build.0 = Debug|Any CPU
		{6F7FEFF9-8225-4E90-8D08-63AFB2D8B27D}.Release|Any CPU.ActiveCfg = Release|Any CPU
		{6F7FEFF9-8225-4E90-8D08-63AFB2D8B27D}.Release|Any CPU.Build.0 = Release|Any CPU
	EndGlobalSection
	GlobalSection(SolutionProperties) = preSolution
		HideSolutionNode = FALSE
	EndGlobalSection
	GlobalSection(ExtensibilityGlobals) = postSolution
		SolutionGuid = {A0852E0B-5EFE-4845-9705-17184F624995}
	EndGlobalSection
EndGlobal
